
Microsoft Visual Studio Solution File, Format Version 12.00
# Visual Studio Version 17
VisualStudioVersion = 17.11.35312.102
MinimumVisualStudioVersion = 10.0.40219.1
Project("{FAE04EC0-301F-11D3-BF4B-00C04F79EFBC}") = "Conversa", "Conversa\Conversa.csproj", "{4FAAC3A1-84C5-413A-894F-F3027B7A7A76}"
EndProject
Global
	GlobalSection(SolutionConfigurationPlatforms) = preSolution
		Debug|Any CPU = Debug|Any CPU
		Release|Any CPU = Release|Any CPU
	EndGlobalSection
	GlobalSection(ProjectConfigurationPlatforms) = postSolution
		{4FAAC3A1-84C5-413A-894F-F3027B7A7A76}.Debug|Any CPU.ActiveCfg = Debug|Any CPU
		{4FAAC3A1-84C5-413A-894F-F3027B7A7A76}.Debug|Any CPU.Build.0 = Debug|Any CPU
		{4FAAC3A1-84C5-413A-894F-F3027B7A7A76}.Release|Any CPU.ActiveCfg = Release|Any CPU
		{4FAAC3A1-84C5-413A-894F-F3027B7A7A76}.Release|Any CPU.Build.0 = Release|Any CPU
	EndGlobalSection
	GlobalSection(SolutionProperties) = preSolution
		HideSolutionNode = FALSE
	EndGlobalSection
	GlobalSection(ExtensibilityGlobals) = postSolution
		SolutionGuid = {13C9ACCC-1CD1-4895-8424-207230245BE9}
	EndGlobalSection
EndGlobal
